
Microsoft Visual Studio Solution File, Format Version 12.00
# Visual Studio Version 17
VisualStudioVersion = 17.5.33424.131
MinimumVisualStudioVersion = 10.0.40219.1
Project("{9A19103F-16F7-4668-BE54-9A1E7A4F7556}") = "graph", "graph.csproj", "{2A735B36-31AD-45B2-93E7-F9DCEC7BCAD4}"
EndProject
Global
	GlobalSection(SolutionConfigurationPlatforms) = preSolution
		Debug|Any CPU = Debug|Any CPU
		Release|Any CPU = Release|Any CPU
	EndGlobalSection
	GlobalSection(ProjectConfigurationPlatforms) = postSolution
		{2A735B36-31AD-45B2-93E7-F9DCEC7BCAD4}.Debug|Any CPU.ActiveCfg = Debug|Any CPU
		{2A735B36-31AD-45B2-93E7-F9DCEC7BCAD4}.Debug|Any CPU.Build.0 = Debug|Any CPU
		{2A735B36-31AD-45B2-93E7-F9DCEC7BCAD4}.Release|Any CPU.ActiveCfg = Release|Any CPU
		{2A735B36-31AD-45B2-93E7-F9DCEC7BCAD4}.Release|Any CPU.Build.0 = Release|Any CPU
	EndGlobalSection
	GlobalSection(SolutionProperties) = preSolution
		HideSolutionNode = FALSE
	EndGlobalSection
	GlobalSection(ExtensibilityGlobals) = postSolution
		SolutionGuid = {E8455D02-9E0A-43DD-8D15-81157CB611D4}
	EndGlobalSection
EndGlobal
